{
  "name": "url-resolver",
  "version": "1.0.0",
  "lockfileVersion": 1,
  "requires": true,
  "dependencies": {
    "ip-regex": {
      "version": "1.0.3",
      "resolved": "https://registry.npmjs.org/ip-regex/-/ip-regex-1.0.3.tgz",
      "integrity": "sha1-3FiQdvZZ9BnCIgOaMzFvHHOH7/0="
    },
    "tlds": {
      "version": "1.203.1",
      "resolved": "https://registry.npmjs.org/tlds/-/tlds-1.203.1.tgz",
      "integrity": "sha512-7MUlYyGJ6rSitEZ3r1Q1QNV8uSIzapS8SmmhSusBuIc7uIxPPwsKllEP0GRp1NS6Ik6F+fRZvnjDWm3ecv2hDw=="
    },
    "url-regex": {
      "version": "4.1.1",
      "resolved": "https://registry.npmjs.org/url-regex/-/url-regex-4.1.1.tgz",
      "integrity": "sha512-ViSDgDPNKkrQHI81GLCjdDN+Rsk3tAW/uLXlBOJxtcHzWZjta58Z0APXhfXzS89YszsheMnEvXeDXsWUB53wwA==",
      "requires": {
        "ip-regex": "^1.0.1",
        "tlds": "^1.187.0"
      }
    }
  }
}
